// !$*UTF8*$!
{
	archiveVersion = 1;
	classes = {
	};
	objectVersion = 46;
	objects = {

/* Begin PBXBuildFile section */
		656635B61A48EF140016EE08 /* AppDelegate.swift in Sources */ = {isa = PBXBuildFile; fileRef = 656635B51A48EF140016EE08 /* AppDelegate.swift */; };
		656635B81A48EF140016EE08 /* ViewController.swift in Sources */ = {isa = PBXBuildFile; fileRef = 656635B71A48EF140016EE08 /* ViewController.swift */; };
		656635BB1A48EF140016EE08 /* Main.storyboard in Resources */ = {isa = PBXBuildFile; fileRef = 656635B91A48EF140016EE08 /* Main.storyboard */; };
		656635BD1A48EF140016EE08 /* Images.xcassets in Resources */ = {isa = PBXBuildFile; fileRef = 656635BC1A48EF140016EE08 /* Images.xcassets */; };
		656635C01A48EF140016EE08 /* LaunchScreen.xib in Resources */ = {isa = PBXBuildFile; fileRef = 656635BE1A48EF140016EE08 /* LaunchScreen.xib */; };
		656635CC1A48EF140016EE08 /* tipsTests.swift in Sources */ = {isa = PBXBuildFile; fileRef = 656635CB1A48EF140016EE08 /* tipsTests.swift */; };
/* End PBXBuildFile section */

/* Begin PBXContainerItemProxy section */
		656635C61A48EF140016EE08 /* PBXContainerItemProxy */ = {
			isa = PBXContainerItemProxy;
			containerPortal = 656635A81A48EF140016EE08 /* Project object */;
			proxyType = 1;
			remoteGlobalIDString = 656635AF1A48EF140016EE08;
			remoteInfo = tips;
		};
/* End PBXContainerItemProxy section */

/* Begin PBXFileReference section */
		656635B01A48EF140016EE08 /* tips.app */ = {isa = PBXFileReference; explicitFileType = wrapper.application; includeInIndex = 0; path = tips.app; sourceTree = BUILT_PRODUCTS_DIR; };
		656635B41A48EF140016EE08 /* Info.plist */ = {isa = PBXFileReference; lastKnownFileType = text.plist.xml; path = Info.plist; sourceTree = "<group>"; };
		656635B51A48EF140016EE08 /* AppDelegate.swift */ = {isa = PBXFileReference; lastKnownFileType = sourcecode.swift; path = AppDelegate.swift; sourceTree = "<group>"; };
		656635B71A48EF140016EE08 /* ViewController.swift */ = {isa = PBXFileReference; lastKnownFileType = sourcecode.swift; path = ViewController.swift; sourceTree = "<group>"; };
		656635BA1A48EF140016EE08 /* Base */ = {isa = PBXFileReference; lastKnownFileType = file.storyboard; name = Base; path = Base.lproj/Main.storyboard; sourceTree = "<group>"; };
		656635BC1A48EF140016EE08 /* Images.xcassets */ = {isa = PBXFileReference; lastKnownFileType = folder.assetcatalog; path = Images.xcassets; sourceTree = "<group>"; };
		656635BF1A48EF140016EE08 /* Base */ = {isa = PBXFileReference; lastKnownFileType = file.xib; name = Base; path = Base.lproj/LaunchScreen.xib; sourceTree = "<group>"; };
		656635C51A48EF140016EE08 /* tipsTests.xctest */ = {isa = PBXFileReference; explicitFileType = wrapper.cfbundle; includeInIndex = 0; path = tipsTests.xctest; sourceTree = BUILT_PRODUCTS_DIR; };
		656635CA1A48EF140016EE08 /* Info.plist */ = {isa = PBXFileReference; lastKnownFileType = text.plist.xml; path = Info.plist; sourceTree = "<group>"; };
		656635CB1A48EF140016EE08 /* tipsTests.swift */ = {isa = PBXFileReference; lastKnownFileType = sourcecode.swift; path = tipsTests.swift; sourceTree = "<group>"; };
/* End PBXFileReference section */

/* Begin PBXFrameworksBuildPhase section */
		656635AD1A48EF140016EE08 /* Frameworks */ = {
			isa = PBXFrameworksBuildPhase;
			buildActionMask = 2147483647;
			files = (
			);
			runOnlyForDeploymentPostprocessing = 0;
		};
		656635C21A48EF140016EE08 /* Frameworks */ = {
			isa = PBXFrameworksBuildPhase;
			buildActionMask = 2147483647;
			files = (
			);
			runOnlyForDeploymentPostprocessing = 0;
		};
/* End PBXFrameworksBuildPhase section */

/* Begin PBXGroup section */
		656635A71A48EF140016EE08 = {
			isa = PBXGroup;
			children = (
				656635B21A48EF140016EE08 /* tips */,
				656635C81A48EF140016EE08 /* tipsTests */,
				656635B11A48EF140016EE08 /* Products */,
			);
			sourceTree = "<group>";
		};
		656635B11A48EF140016EE08 /* Products */ = {
			isa = PBXGroup;
			children = (
				656635B01A48EF140016EE08 /* tips.app */,
				656635C51A48EF140016EE08 /* tipsTests.xctest */,
			);
			name = Products;
			sourceTree = "<group>";
		};
		656635B21A48EF140016EE08 /* tips */ = {
			isa = PBXGroup;
			children = (
				656635B51A48EF140016EE08 /* AppDelegate.swift */,
				656635B71A48EF140016EE08 /* ViewController.swift */,
				656635B91A48EF140016EE08 /* Main.storyboard */,
				656635BC1A48EF140016EE08 /* Images.xcassets */,
				656635BE1A48EF140016EE08 /* LaunchScreen.xib */,
				656635B31A48EF140016EE08 /* Supporting Files */,
			);
			path = tips;
			sourceTree = "<group>";
		};
		656635B31A48EF140016EE08 /* Supporting Files */ = {
			isa = PBXGroup;
			children = (
				656635B41A48EF140016EE08 /* Info.plist */,
			);
			name = "Supporting Files";
			sourceTree = "<group>";
		};
		656635C81A48EF140016EE08 /* tipsTests */ = {
			isa = PBXGroup;
			children = (
				656635CB1A48EF140016EE08 /* tipsTests.swift */,
				656635C91A48EF140016EE08 /* Supporting Files */,
			);
			path = tipsTests;
			sourceTree = "<group>";
		};
		656635C91A48EF140016EE08 /* Supporting Files */ = {
			isa = PBXGroup;
			children = (
				656635CA1A48EF140016EE08 /* Info.plist */,
			);
			name = "Supporting Files";
			sourceTree = "<group>";
		};
/* End PBXGroup section */

/* Begin PBXNativeTarget section */
		656635AF1A48EF140016EE08 /* tips */ = {
			isa = PBXNativeTarget;
			buildConfigurationList = 656635CF1A48EF140016EE08 /* Build configuration list for PBXNativeTarget "tips" */;
			buildPhases = (
				656635AC1A48EF140016EE08 /* Sources */,
				656635AD1A48EF140016EE08 /* Frameworks */,
				656635AE1A48EF140016EE08 /* Resources */,
			);
			buildRules = (
			);
			dependencies = (
			);
			name = tips;
			productName = tips;
			productReference = 656635B01A48EF140016EE08 /* tips.app */;
			productType = "com.apple.product-type.application";
		};
		656635C41A48EF140016EE08 /* tipsTests */ = {
			isa = PBXNativeTarget;
			buildConfigurationList = 656635D21A48EF140016EE08 /* Build configuration list for PBXNativeTarget "tipsTests" */;
			buildPhases = (
				656635C11A48EF140016EE08 /* Sources */,
				656635C21A48EF140016EE08 /* Frameworks */,
				656635C31A48EF140016EE08 /* Resources */,
			);
			buildRules = (
			);
			dependencies = (
				656635C71A48EF140016EE08 /* PBXTargetDependency */,
			);
			name = tipsTests;
			productName = tipsTests;
			productReference = 656635C51A48EF140016EE08 /* tipsTests.xctest */;
			productType = "com.apple.product-type.bundle.unit-test";
		};
/* End PBXNativeTarget section */

/* Begin PBXProject section */
		656635A81A48EF140016EE08 /* Project object */ = {
			isa = PBXProject;
			attributes = {
				LastUpgradeCheck = 0610;
				ORGANIZATIONNAME = "Chen, Anthony";
				TargetAttributes = {
					656635AF1A48EF140016EE08 = {
						CreatedOnToolsVersion = 6.1;
					};
					656635C41A48EF140016EE08 = {
						CreatedOnToolsVersion = 6.1;
						TestTargetID = 656635AF1A48EF140016EE08;
					};
				};
			};
			buildConfigurationList = 656635AB1A48EF140016EE08 /* Build configuration list for PBXProject "tips" */;
			compatibilityVersion = "Xcode 3.2";
			developmentRegion = English;
			hasScannedForEncodings = 0;
			knownRegions = (
				en,
				Base,
			);
			mainGroup = 656635A71A48EF140016EE08;
			productRefGroup = 656635B11A48EF140016EE08 /* Products */;
			projectDirPath = "";
			projectRoot = "";
			targets = (
				656635AF1A48EF140016EE08 /* tips */,
				656635C41A48EF140016EE08 /* tipsTests */,
			);
		};
/* End PBXProject section */

/* Begin PBXResourcesBuildPhase section */
		656635AE1A48EF140016EE08 /* Resources */ = {
			isa = PBXResourcesBuildPhase;
			buildActionMask = 2147483647;
			files = (
				656635BB1A48EF140016EE08 /* Main.storyboard in Resources */,
				656635C01A48EF140016EE08 /* LaunchScreen.xib in Resources */,
				656635BD1A48EF140016EE08 /* Images.xcassets in Resources */,
			);
			runOnlyForDeploymentPostprocessing = 0;
		};
		656635C31A48EF140016EE08 /* Resources */ = {
			isa = PBXResourcesBuildPhase;
			buildActionMask = 2147483647;
			files = (
			);
			runOnlyForDeploymentPostprocessing = 0;
		};
/* End PBXResourcesBuildPhase section */

/* Begin PBXSourcesBuildPhase section */
		656635AC1A48EF140016EE08 /* Sources */ = {
			isa = PBXSourcesBuildPhase;
			buildActionMask = 2147483647;
			files = (
				656635B81A48EF140016EE08 /* ViewController.swift in Sources */,
				656635B61A48EF140016EE08 /* AppDelegate.swift in Sources */,
			);
			runOnlyForDeploymentPostprocessing = 0;
		};
		656635C11A48EF140016EE08 /* Sources */ = {
			isa = PBXSourcesBuildPhase;
			buildActionMask = 2147483647;
			files = (
				656635CC1A48EF140016EE08 /* tipsTests.swift in Sources */,
			);
			runOnlyForDeploymentPostprocessing = 0;
		};
/* End PBXSourcesBuildPhase section */

/* Begin PBXTargetDependency section */
		656635C71A48EF140016EE08 /* PBXTargetDependency */ = {
			isa = PBXTargetDependency;
			target = 656635AF1A48EF140016EE08 /* tips */;
			targetProxy = 656635C61A48EF140016EE08 /* PBXContainerItemProxy */;
		};
/* End PBXTargetDependency section */

/* Begin PBXVariantGroup section */
		656635B91A48EF140016EE08 /* Main.storyboard */ = {
			isa = PBXVariantGroup;
			children = (
				656635BA1A48EF140016EE08 /* Base */,
			);
			name = Main.storyboard;
			sourceTree = "<group>";
		};
		656635BE1A48EF140016EE08 /* LaunchScreen.xib */ = {
			isa = PBXVariantGroup;
			children = (
				656635BF1A48EF140016EE08 /* Base */,
			);
			name = LaunchScreen.xib;
			sourceTree = "<group>";
		};
/* End PBXVariantGroup section */

/* Begin XCBuildConfiguration section */
		656635CD1A48EF140016EE08 /* Debug */ = {
			isa = XCBuildConfiguration;
			buildSettings = {
				ALWAYS_SEARCH_USER_PATHS = NO;
				CLANG_CXX_LANGUAGE_STANDARD = "gnu++0x";
				CLANG_CXX_LIBRARY = "libc++";
				CLANG_ENABLE_MODULES = YES;
				CLANG_ENABLE_OBJC_ARC = YES;
				CLANG_WARN_BOOL_CONVERSION = YES;
				CLANG_WARN_CONSTANT_CONVERSION = YES;
				CLANG_WARN_DIRECT_OBJC_ISA_USAGE = YES_ERROR;
				CLANG_WARN_EMPTY_BODY = YES;
				CLANG_WARN_ENUM_CONVERSION = YES;
				CLANG_WARN_INT_CONVERSION = YES;
				CLANG_WARN_OBJC_ROOT_CLASS = YES_ERROR;
				CLANG_WARN_UNREACHABLE_CODE = YES;
				CLANG_WARN__DUPLICATE_METHOD_MATCH = YES;
				"CODE_SIGN_IDENTITY[sdk=iphoneos*]" = "iPhone Developer";
				COPY_PHASE_STRIP = NO;
				ENABLE_STRICT_OBJC_MSGSEND = YES;
				GCC_C_LANGUAGE_STANDARD = gnu99;
				GCC_DYNAMIC_NO_PIC = NO;
				GCC_OPTIMIZATION_LEVEL = 0;
				GCC_PREPROCESSOR_DEFINITIONS = (
					"DEBUG=1",
					"$(inherited)",
				);
				GCC_SYMBOLS_PRIVATE_EXTERN = NO;
				GCC_WARN_64_TO_32_BIT_CONVERSION = YES;
				GCC_WARN_ABOUT_RETURN_TYPE = YES_ERROR;
				GCC_WARN_UNDECLARED_SELECTOR = YES;
				GCC_WARN_UNINITIALIZED_AUTOS = YES_AGGRESSIVE;
				GCC_WARN_UNUSED_FUNCTION = YES;
				GCC_WARN_UNUSED_VARIABLE = YES;
				IPHONEOS_DEPLOYMENT_TARGET = 8.1;
				MTL_ENABLE_DEBUG_INFO = YES;
				ONLY_ACTIVE_ARCH = YES;
				SDKROOT = iphoneos;
				SWIFT_OPTIMIZATION_LEVEL = "-Onone";
			};
			name = Debug;
		};
		656635CE1A48EF140016EE08 /* Release */ = {
			isa = XCBuildConfiguration;
			buildSettings = {
				ALWAYS_SEARCH_USER_PATHS = NO;
				CLANG_CXX_LANGUAGE_STANDARD = "gnu++0x";
				CLANG_CXX_LIBRARY = "libc++";
				CLANG_ENABLE_MODULES = YES;
				CLANG_ENABLE_OBJC_ARC = YES;
				CLANG_WARN_BOOL_CONVERSION = YES;
				CLANG_WARN_CONSTANT_CONVERSION = YES;
				CLANG_WARN_DIRECT_OBJC_ISA_USAGE = YES_ERROR;
				CLANG_WARN_EMPTY_BODY = YES;
				CLANG_WARN_ENUM_CONVERSION = YES;
				CLANG_WARN_INT_CONVERSION = YES;
				CLANG_WARN_OBJC_ROOT_CLASS = YES_ERROR;
				CLANG_WARN_UNREACHABLE_CODE = YES;
				CLANG_WARN__DUPLICATE_METHOD_MATCH = YES;
				"CODE_SIGN_IDENTITY[sdk=iphoneos*]" = "iPhone Developer";
				COPY_PHASE_STRIP = YES;
				ENABLE_NS_ASSERTIONS = NO;
				ENABLE_STRICT_OBJC_MSGSEND = YES;
				GCC_C_LANGUAGE_STANDARD = gnu99;
				GCC_WARN_64_TO_32_BIT_CONVERSION = YES;
				GCC_WARN_ABOUT_RETURN_TYPE = YES_ERROR;
				GCC_WARN_UNDECLARED_SELECTOR = YES;
				GCC_WARN_UNINITIALIZED_AUTOS = YES_AGGRESSIVE;
				GCC_WARN_UNUSED_FUNCTION = YES;
				GCC_WARN_UNUSED_VARIABLE = YES;
				IPHONEOS_DEPLOYMENT_TARGET = 8.1;
				MTL_ENABLE_DEBUG_INFO = NO;
				SDKROOT = iphoneos;
				VALIDATE_PRODUCT = YES;
			};
			name = Release;
		};
		656635D01A48EF140016EE08 /* Debug */ = {
			isa = XCBuildConfiguration;
			buildSettings = {
				ASSETCATALOG_COMPILER_APPICON_NAME = AppIcon;
				INFOPLIST_FILE = tips/Info.plist;
				LD_RUNPATH_SEARCH_PATHS = "$(inherited) @executable_path/Frameworks";
				PRODUCT_NAME = "$(TARGET_NAME)";
			};
			name = Debug;
		};
		656635D11A48EF140016EE08 /* Release */ = {
			isa = XCBuildConfiguration;
			buildSettings = {
				ASSETCATALOG_COMPILER_APPICON_NAME = AppIcon;
				INFOPLIST_FILE = tips/Info.plist;
				LD_RUNPATH_SEARCH_PATHS = "$(inherited) @executable_path/Frameworks";
				PRODUCT_NAME = "$(TARGET_NAME)";
			};
			name = Release;
		};
		656635D31A48EF140016EE08 /* Debug */ = {
			isa = XCBuildConfiguration;
			buildSettings = {
				BUNDLE_LOADER = "$(TEST_HOST)";
				FRAMEWORK_SEARCH_PATHS = (
					"$(SDKROOT)/Developer/Library/Frameworks",
					"$(inherited)",
				);
				GCC_PREPROCESSOR_DEFINITIONS = (
					"DEBUG=1",
					"$(inherited)",
				);
				INFOPLIST_FILE = tipsTests/Info.plist;
				LD_RUNPATH_SEARCH_PATHS = "$(inherited) @executable_path/Frameworks @loader_path/Frameworks";
				PRODUCT_NAME = "$(TARGET_NAME)";
				TEST_HOST = "$(BUILT_PRODUCTS_DIR)/tips.app/tips";
			};
			name = Debug;
		};
		656635D41A48EF140016EE08 /* Release */ = {
			isa = XCBuildConfiguration;
			buildSettings = {
				BUNDLE_LOADER = "$(TEST_HOST)";
				FRAMEWORK_SEARCH_PATHS = (
					"$(SDKROOT)/Developer/Library/Frameworks",
					"$(inherited)",
				);
				INFOPLIST_FILE = tipsTests/Info.plist;
				LD_RUNPATH_SEARCH_PATHS = "$(inherited) @executable_path/Frameworks @loader_path/Frameworks";
				PRODUCT_NAME = "$(TARGET_NAME)";
				TEST_HOST = "$(BUILT_PRODUCTS_DIR)/tips.app/tips";
			};
			name = Release;
		};
/* End XCBuildConfiguration section */

/* Begin XCConfigurationList section */
		656635AB1A48EF140016EE08 /* Build configuration list for PBXProject "tips" */ = {
			isa = XCConfigurationList;
			buildConfigurations = (
				656635CD1A48EF140016EE08 /* Debug */,
				656635CE1A48EF140016EE08 /* Release */,
			);
			defaultConfigurationIsVisible = 0;
			defaultConfigurationName = Release;
		};
		656635CF1A48EF140016EE08 /* Build configuration list for PBXNativeTarget "tips" */ = {
			isa = XCConfigurationList;
			buildConfigurations = (
				656635D01A48EF140016EE08 /* Debug */,
				656635D11A48EF140016EE08 /* Release */,
			);
			defaultConfigurationIsVisible = 0;
		};
		656635D21A48EF140016EE08 /* Build configuration list for PBXNativeTarget "tipsTests" */ = {
			isa = XCConfigurationList;
			buildConfigurations = (
				656635D31A48EF140016EE08 /* Debug */,
				656635D41A48EF140016EE08 /* Release */,
			);
			defaultConfigurationIsVisible = 0;
		};
/* End XCConfigurationList section */
	};
	rootObject = 656635A81A48EF140016EE08 /* Project object */;
}
